// !$*UTF8*$!
{
	archiveVersion = 1;
	classes = {
	};
	objectVersion = 50;
	objects = {

/* Begin PBXBuildFile section */
		056B949D261ED47300DA11D5 /* AppDelegate.swift in Sources */ = {isa = PBXBuildFile; fileRef = 056B949C261ED47300DA11D5 /* AppDelegate.swift */; };
		056B94A4261ED47300DA11D5 /* Main.storyboard in Resources */ = {isa = PBXBuildFile; fileRef = 056B94A2261ED47300DA11D5 /* Main.storyboard */; };
		056B94A7261ED47300DA11D5 /* TestProject.xcdatamodeld in Sources */ = {isa = PBXBuildFile; fileRef = 056B94A5261ED47300DA11D5 /* TestProject.xcdatamodeld */; };
		056B94A9261ED47600DA11D5 /* Assets.xcassets in Resources */ = {isa = PBXBuildFile; fileRef = 056B94A8261ED47600DA11D5 /* Assets.xcassets */; };
		056B94AC261ED47600DA11D5 /* LaunchScreen.storyboard in Resources */ = {isa = PBXBuildFile; fileRef = 056B94AA261ED47600DA11D5 /* LaunchScreen.storyboard */; };
		056B94B9261EE80E00DA11D5 /* NewWorkerViewController.swift in Sources */ = {isa = PBXBuildFile; fileRef = 056B94B8261EE80E00DA11D5 /* NewWorkerViewController.swift */; };
		056B94BC261EE8BB00DA11D5 /* CompaniesViewController.swift in Sources */ = {isa = PBXBuildFile; fileRef = 056B94BB261EE8BB00DA11D5 /* CompaniesViewController.swift */; };
		056B94C0261EEA1100DA11D5 /* CompaniesList.swift in Sources */ = {isa = PBXBuildFile; fileRef = 056B94BF261EEA1100DA11D5 /* CompaniesList.swift */; };
/* End PBXBuildFile section */

/* Begin PBXFileReference section */
		056B9499261ED47300DA11D5 /* TestProject.app */ = {isa = PBXFileReference; explicitFileType = wrapper.application; includeInIndex = 0; path = TestProject.app; sourceTree = BUILT_PRODUCTS_DIR; };
		056B949C261ED47300DA11D5 /* AppDelegate.swift */ = {isa = PBXFileReference; lastKnownFileType = sourcecode.swift; path = AppDelegate.swift; sourceTree = "<group>"; };
		056B94A3261ED47300DA11D5 /* Base */ = {isa = PBXFileReference; lastKnownFileType = file.storyboard; name = Base; path = Base.lproj/Main.storyboard; sourceTree = "<group>"; };
		056B94A6261ED47300DA11D5 /* TestProject.xcdatamodel */ = {isa = PBXFileReference; lastKnownFileType = wrapper.xcdatamodel; path = TestProject.xcdatamodel; sourceTree = "<group>"; };
		056B94A8261ED47600DA11D5 /* Assets.xcassets */ = {isa = PBXFileReference; lastKnownFileType = folder.assetcatalog; path = Assets.xcassets; sourceTree = "<group>"; };
		056B94AB261ED47600DA11D5 /* Base */ = {isa = PBXFileReference; lastKnownFileType = file.storyboard; name = Base; path = Base.lproj/LaunchScreen.storyboard; sourceTree = "<group>"; };
		056B94AD261ED47600DA11D5 /* Info.plist */ = {isa = PBXFileReference; lastKnownFileType = text.plist.xml; path = Info.plist; sourceTree = "<group>"; };
		056B94B8261EE80E00DA11D5 /* NewWorkerViewController.swift */ = {isa = PBXFileReference; lastKnownFileType = sourcecode.swift; path = NewWorkerViewController.swift; sourceTree = "<group>"; };
		056B94BB261EE8BB00DA11D5 /* CompaniesViewController.swift */ = {isa = PBXFileReference; lastKnownFileType = sourcecode.swift; path = CompaniesViewController.swift; sourceTree = "<group>"; };
		056B94BF261EEA1100DA11D5 /* CompaniesList.swift */ = {isa = PBXFileReference; lastKnownFileType = sourcecode.swift; path = CompaniesList.swift; sourceTree = "<group>"; };
/* End PBXFileReference section */

/* Begin PBXFrameworksBuildPhase section */
		056B9496261ED47300DA11D5 /* Frameworks */ = {
			isa = PBXFrameworksBuildPhase;
			buildActionMask = 2147483647;
			files = (
			);
			runOnlyForDeploymentPostprocessing = 0;
		};
/* End PBXFrameworksBuildPhase section */

/* Begin PBXGroup section */
		056B9490261ED47300DA11D5 = {
			isa = PBXGroup;
			children = (
				056B949B261ED47300DA11D5 /* TestProject */,
				056B949A261ED47300DA11D5 /* Products */,
			);
			sourceTree = "<group>";
		};
		056B949A261ED47300DA11D5 /* Products */ = {
			isa = PBXGroup;
			children = (
				056B9499261ED47300DA11D5 /* TestProject.app */,
			);
			name = Products;
			sourceTree = "<group>";
		};
		056B949B261ED47300DA11D5 /* TestProject */ = {
			isa = PBXGroup;
			children = (
				056B949C261ED47300DA11D5 /* AppDelegate.swift */,
				056B94B5261EE77900DA11D5 /* DataModel */,
				056B94B6261EE78900DA11D5 /* ViewControllers */,
				056B94A2261ED47300DA11D5 /* Main.storyboard */,
				056B94A8261ED47600DA11D5 /* Assets.xcassets */,
				056B94AA261ED47600DA11D5 /* LaunchScreen.storyboard */,
				056B94AD261ED47600DA11D5 /* Info.plist */,
				056B94A5261ED47300DA11D5 /* TestProject.xcdatamodeld */,
			);
			path = TestProject;
			sourceTree = "<group>";
		};
		056B94B5261EE77900DA11D5 /* DataModel */ = {
			isa = PBXGroup;
			children = (
				056B94BF261EEA1100DA11D5 /* CompaniesList.swift */,
			);
			path = DataModel;
			sourceTree = "<group>";
		};
		056B94B6261EE78900DA11D5 /* ViewControllers */ = {
			isa = PBXGroup;
			children = (
				056B94B8261EE80E00DA11D5 /* NewWorkerViewController.swift */,
				056B94BB261EE8BB00DA11D5 /* CompaniesViewController.swift */,
			);
			path = ViewControllers;
			sourceTree = "<group>";
		};
/* End PBXGroup section */

/* Begin PBXNativeTarget section */
		056B9498261ED47300DA11D5 /* TestProject */ = {
			isa = PBXNativeTarget;
			buildConfigurationList = 056B94B0261ED47600DA11D5 /* Build configuration list for PBXNativeTarget "TestProject" */;
			buildPhases = (
				056B9495261ED47300DA11D5 /* Sources */,
				056B9496261ED47300DA11D5 /* Frameworks */,
				056B9497261ED47300DA11D5 /* Resources */,
			);
			buildRules = (
			);
			dependencies = (
			);
			name = TestProject;
			productName = TestProject;
			productReference = 056B9499261ED47300DA11D5 /* TestProject.app */;
			productType = "com.apple.product-type.application";
		};
/* End PBXNativeTarget section */

/* Begin PBXProject section */
		056B9491261ED47300DA11D5 /* Project object */ = {
			isa = PBXProject;
			attributes = {
				LastSwiftUpdateCheck = 1240;
				LastUpgradeCheck = 1240;
				TargetAttributes = {
					056B9498261ED47300DA11D5 = {
						CreatedOnToolsVersion = 12.4;
					};
				};
			};
			buildConfigurationList = 056B9494261ED47300DA11D5 /* Build configuration list for PBXProject "TestProject" */;
			compatibilityVersion = "Xcode 9.3";
			developmentRegion = en;
			hasScannedForEncodings = 0;
			knownRegions = (
				en,
				Base,
			);
			mainGroup = 056B9490261ED47300DA11D5;
			productRefGroup = 056B949A261ED47300DA11D5 /* Products */;
			projectDirPath = "";
			projectRoot = "";
			targets = (
				056B9498261ED47300DA11D5 /* TestProject */,
			);
		};
/* End PBXProject section */

/* Begin PBXResourcesBuildPhase section */
		056B9497261ED47300DA11D5 /* Resources */ = {
			isa = PBXResourcesBuildPhase;
			buildActionMask = 2147483647;
			files = (
				056B94AC261ED47600DA11D5 /* LaunchScreen.storyboard in Resources */,
				056B94A9261ED47600DA11D5 /* Assets.xcassets in Resources */,
				056B94A4261ED47300DA11D5 /* Main.storyboard in Resources */,
			);
			runOnlyForDeploymentPostprocessing = 0;
		};
/* End PBXResourcesBuildPhase section */

/* Begin PBXSourcesBuildPhase section */
		056B9495261ED47300DA11D5 /* Sources */ = {
			isa = PBXSourcesBuildPhase;
			buildActionMask = 2147483647;
			files = (
				056B949D261ED47300DA11D5 /* AppDelegate.swift in Sources */,
				056B94A7261ED47300DA11D5 /* TestProject.xcdatamodeld in Sources */,
				056B94C0261EEA1100DA11D5 /* CompaniesList.swift in Sources */,
				056B94B9261EE80E00DA11D5 /* NewWorkerViewController.swift in Sources */,
				056B94BC261EE8BB00DA11D5 /* CompaniesViewController.swift in Sources */,
			);
			runOnlyForDeploymentPostprocessing = 0;
		};
/* End PBXSourcesBuildPhase section */

/* Begin PBXVariantGroup section */
		056B94A2261ED47300DA11D5 /* Main.storyboard */ = {
			isa = PBXVariantGroup;
			children = (
				056B94A3261ED47300DA11D5 /* Base */,
			);
			name = Main.storyboard;
			sourceTree = "<group>";
		};
		056B94AA261ED47600DA11D5 /* LaunchScreen.storyboard */ = {
			isa = PBXVariantGroup;
			children = (
				056B94AB261ED47600DA11D5 /* Base */,
			);
			name = LaunchScreen.storyboard;
			sourceTree = "<group>";
		};
/* End PBXVariantGroup section */

/* Begin XCBuildConfiguration section */
		056B94AE261ED47600DA11D5 /* Debug */ = {
			isa = XCBuildConfiguration;
			buildSettings = {
				ALWAYS_SEARCH_USER_PATHS = NO;
				CLANG_ANALYZER_NONNULL = YES;
				CLANG_ANALYZER_NUMBER_OBJECT_CONVERSION = YES_AGGRESSIVE;
				CLANG_CXX_LANGUAGE_STANDARD = "gnu++14";
				CLANG_CXX_LIBRARY = "libc++";
				CLANG_ENABLE_MODULES = YES;
				CLANG_ENABLE_OBJC_ARC = YES;
				CLANG_ENABLE_OBJC_WEAK = YES;
				CLANG_WARN_BLOCK_CAPTURE_AUTORELEASING = YES;
				CLANG_WARN_BOOL_CONVERSION = YES;
				CLANG_WARN_COMMA = YES;
				CLANG_WARN_CONSTANT_CONVERSION = YES;
				CLANG_WARN_DEPRECATED_OBJC_IMPLEMENTATIONS = YES;
				CLANG_WARN_DIRECT_OBJC_ISA_USAGE = YES_ERROR;
				CLANG_WARN_DOCUMENTATION_COMMENTS = YES;
				CLANG_WARN_EMPTY_BODY = YES;
				CLANG_WARN_ENUM_CONVERSION = YES;
				CLANG_WARN_INFINITE_RECURSION = YES;
				CLANG_WARN_INT_CONVERSION = YES;
				CLANG_WARN_NON_LITERAL_NULL_CONVERSION = YES;
				CLANG_WARN_OBJC_IMPLICIT_RETAIN_SELF = YES;
				CLANG_WARN_OBJC_LITERAL_CONVERSION = YES;
				CLANG_WARN_OBJC_ROOT_CLASS = YES_ERROR;
				CLANG_WARN_QUOTED_INCLUDE_IN_FRAMEWORK_HEADER = YES;
				CLANG_WARN_RANGE_LOOP_ANALYSIS = YES;
				CLANG_WARN_STRICT_PROTOTYPES = YES;
				CLANG_WARN_SUSPICIOUS_MOVE = YES;
				CLANG_WARN_UNGUARDED_AVAILABILITY = YES_AGGRESSIVE;
				CLANG_WARN_UNREACHABLE_CODE = YES;
				CLANG_WARN__DUPLICATE_METHOD_MATCH = YES;
				COPY_PHASE_STRIP = NO;
				DEBUG_INFORMATION_FORMAT = dwarf;
				ENABLE_STRICT_OBJC_MSGSEND = YES;
				ENABLE_TESTABILITY = YES;
				GCC_C_LANGUAGE_STANDARD = gnu11;
				GCC_DYNAMIC_NO_PIC = NO;
				GCC_NO_COMMON_BLOCKS = YES;
				GCC_OPTIMIZATION_LEVEL = 0;
				GCC_PREPROCESSOR_DEFINITIONS = (
					"DEBUG=1",
					"$(inherited)",
				);
				GCC_WARN_64_TO_32_BIT_CONVERSION = YES;
				GCC_WARN_ABOUT_RETURN_TYPE = YES_ERROR;
				GCC_WARN_UNDECLARED_SELECTOR = YES;
				GCC_WARN_UNINITIALIZED_AUTOS = YES_AGGRESSIVE;
				GCC_WARN_UNUSED_FUNCTION = YES;
				GCC_WARN_UNUSED_VARIABLE = YES;
				IPHONEOS_DEPLOYMENT_TARGET = 14.4;
				MTL_ENABLE_DEBUG_INFO = INCLUDE_SOURCE;
				MTL_FAST_MATH = YES;
				ONLY_ACTIVE_ARCH = YES;
				SDKROOT = iphoneos;
				SWIFT_ACTIVE_COMPILATION_CONDITIONS = DEBUG;
				SWIFT_OPTIMIZATION_LEVEL = "-Onone";
			};
			name = Debug;
		};
		056B94AF261ED47600DA11D5 /* Release */ = {
			isa = XCBuildConfiguration;
			buildSettings = {
				ALWAYS_SEARCH_USER_PATHS = NO;
				CLANG_ANALYZER_NONNULL = YES;
				CLANG_ANALYZER_NUMBER_OBJECT_CONVERSION = YES_AGGRESSIVE;
				CLANG_CXX_LANGUAGE_STANDARD = "gnu++14";
				CLANG_CXX_LIBRARY = "libc++";
				CLANG_ENABLE_MODULES = YES;
				CLANG_ENABLE_OBJC_ARC = YES;
				CLANG_ENABLE_OBJC_WEAK = YES;
				CLANG_WARN_BLOCK_CAPTURE_AUTORELEASING = YES;
				CLANG_WARN_BOOL_CONVERSION = YES;
				CLANG_WARN_COMMA = YES;
				CLANG_WARN_CONSTANT_CONVERSION = YES;
				CLANG_WARN_DEPRECATED_OBJC_IMPLEMENTATIONS = YES;
				CLANG_WARN_DIRECT_OBJC_ISA_USAGE = YES_ERROR;
				CLANG_WARN_DOCUMENTATION_COMMENTS = YES;
				CLANG_WARN_EMPTY_BODY = YES;
				CLANG_WARN_ENUM_CONVERSION = YES;
				CLANG_WARN_INFINITE_RECURSION = YES;
				CLANG_WARN_INT_CONVERSION = YES;
				CLANG_WARN_NON_LITERAL_NULL_CONVERSION = YES;
				CLANG_WARN_OBJC_IMPLICIT_RETAIN_SELF = YES;
				CLANG_WARN_OBJC_LITERAL_CONVERSION = YES;
				CLANG_WARN_OBJC_ROOT_CLASS = YES_ERROR;
				CLANG_WARN_QUOTED_INCLUDE_IN_FRAMEWORK_HEADER = YES;
				CLANG_WARN_RANGE_LOOP_ANALYSIS = YES;
				CLANG_WARN_STRICT_PROTOTYPES = YES;
				CLANG_WARN_SUSPICIOUS_MOVE = YES;
				CLANG_WARN_UNGUARDED_AVAILABILITY = YES_AGGRESSIVE;
				CLANG_WARN_UNREACHABLE_CODE = YES;
				CLANG_WARN__DUPLICATE_METHOD_MATCH = YES;
				COPY_PHASE_STRIP = NO;
				DEBUG_INFORMATION_FORMAT = "dwarf-with-dsym";
				ENABLE_NS_ASSERTIONS = NO;
				ENABLE_STRICT_OBJC_MSGSEND = YES;
				GCC_C_LANGUAGE_STANDARD = gnu11;
				GCC_NO_COMMON_BLOCKS = YES;
				GCC_WARN_64_TO_32_BIT_CONVERSION = YES;
				GCC_WARN_ABOUT_RETURN_TYPE = YES_ERROR;
				GCC_WARN_UNDECLARED_SELECTOR = YES;
				GCC_WARN_UNINITIALIZED_AUTOS = YES_AGGRESSIVE;
				GCC_WARN_UNUSED_FUNCTION = YES;
				GCC_WARN_UNUSED_VARIABLE = YES;
				IPHONEOS_DEPLOYMENT_TARGET = 14.4;
				MTL_ENABLE_DEBUG_INFO = NO;
				MTL_FAST_MATH = YES;
				SDKROOT = iphoneos;
				SWIFT_COMPILATION_MODE = wholemodule;
				SWIFT_OPTIMIZATION_LEVEL = "-O";
				VALIDATE_PRODUCT = YES;
			};
			name = Release;
		};
		056B94B1261ED47600DA11D5 /* Debug */ = {
			isa = XCBuildConfiguration;
			buildSettings = {
				ASSETCATALOG_COMPILER_APPICON_NAME = AppIcon;
				ASSETCATALOG_COMPILER_GLOBAL_ACCENT_COLOR_NAME = AccentColor;
				CODE_SIGN_STYLE = Automatic;
				DEVELOPMENT_TEAM = WXCR6BC585;
				INFOPLIST_FILE = TestProject/Info.plist;
				LD_RUNPATH_SEARCH_PATHS = (
					"$(inherited)",
					"@executable_path/Frameworks",
				);
				PRODUCT_BUNDLE_IDENTIFIER = "Viktoriia-Skvarko.TestProject";
				PRODUCT_NAME = "$(TARGET_NAME)";
				SWIFT_VERSION = 5.0;
				TARGETED_DEVICE_FAMILY = "1,2";
			};
			name = Debug;
		};
		056B94B2261ED47600DA11D5 /* Release */ = {
			isa = XCBuildConfiguration;
			buildSettings = {
				ASSETCATALOG_COMPILER_APPICON_NAME = AppIcon;
				ASSETCATALOG_COMPILER_GLOBAL_ACCENT_COLOR_NAME = AccentColor;
				CODE_SIGN_STYLE = Automatic;
				DEVELOPMENT_TEAM = WXCR6BC585;
				INFOPLIST_FILE = TestProject/Info.plist;
				LD_RUNPATH_SEARCH_PATHS = (
					"$(inherited)",
					"@executable_path/Frameworks",
				);
				PRODUCT_BUNDLE_IDENTIFIER = "Viktoriia-Skvarko.TestProject";
				PRODUCT_NAME = "$(TARGET_NAME)";
				SWIFT_VERSION = 5.0;
				TARGETED_DEVICE_FAMILY = "1,2";
			};
			name = Release;
		};
/* End XCBuildConfiguration section */

/* Begin XCConfigurationList section */
		056B9494261ED47300DA11D5 /* Build configuration list for PBXProject "TestProject" */ = {
			isa = XCConfigurationList;
			buildConfigurations = (
				056B94AE261ED47600DA11D5 /* Debug */,
				056B94AF261ED47600DA11D5 /* Release */,
			);
			defaultConfigurationIsVisible = 0;
			defaultConfigurationName = Release;
		};
		056B94B0261ED47600DA11D5 /* Build configuration list for PBXNativeTarget "TestProject" */ = {
			isa = XCConfigurationList;
			buildConfigurations = (
				056B94B1261ED47600DA11D5 /* Debug */,
				056B94B2261ED47600DA11D5 /* Release */,
			);
			defaultConfigurationIsVisible = 0;
			defaultConfigurationName = Release;
		};
/* End XCConfigurationList section */

/* Begin XCVersionGroup section */
		056B94A5261ED47300DA11D5 /* TestProject.xcdatamodeld */ = {
			isa = XCVersionGroup;
			children = (
				056B94A6261ED47300DA11D5 /* TestProject.xcdatamodel */,
			);
			currentVersion = 056B94A6261ED47300DA11D5 /* TestProject.xcdatamodel */;
			path = TestProject.xcdatamodeld;
			sourceTree = "<group>";
			versionGroupType = wrapper.xcdatamodel;
		};
/* End XCVersionGroup section */
	};
	rootObject = 056B9491261ED47300DA11D5 /* Project object */;
}
